
Microsoft Visual Studio Solution File, Format Version 12.00
# Visual Studio Version 17
VisualStudioVersion = 17.0.31903.59
MinimumVisualStudioVersion = 10.0.40219.1
Project("{2150E333-8FDC-42A3-9474-1A3956D46DE8}") = "src", "src", "{81D5767A-AC46-4239-ABD0-4EB01A50F7EB}"
EndProject
Project("{FAE04EC0-301F-11D3-BF4B-00C04F79EFBC}") = "LeetKhata", "src\LeetKhata\LeetKhata.csproj", "{9F4275CD-9207-4EA5-9632-6F0577D2C163}"
EndProject
Project("{2150E333-8FDC-42A3-9474-1A3956D46DE8}") = "tests", "tests", "{607A2FC0-0650-41A3-8ACC-DAB917BA66C1}"
EndProject
Project("{FAE04EC0-301F-11D3-BF4B-00C04F79EFBC}") = "LeetKhata.Tests", "tests\LeetKhata.Tests\LeetKhata.Tests.csproj", "{EE4E3C15-4679-485D-88CA-AA27E9BA5301}"
EndProject
Global
	GlobalSection(SolutionConfigurationPlatforms) = preSolution
		Debug|Any CPU = Debug|Any CPU
		Release|Any CPU = Release|Any CPU
	EndGlobalSection
	GlobalSection(SolutionProperties) = preSolution
		HideSolutionNode = FALSE
	EndGlobalSection
	GlobalSection(ProjectConfigurationPlatforms) = postSolution
		{9F4275CD-9207-4EA5-9632-6F0577D2C163}.Debug|Any CPU.ActiveCfg = Debug|Any CPU
		{9F4275CD-9207-4EA5-9632-6F0577D2C163}.Debug|Any CPU.Build.0 = Debug|Any CPU
		{9F4275CD-9207-4EA5-9632-6F0577D2C163}.Release|Any CPU.ActiveCfg = Release|Any CPU
		{9F4275CD-9207-4EA5-9632-6F0577D2C163}.Release|Any CPU.Build.0 = Release|Any CPU
		{EE4E3C15-4679-485D-88CA-AA27E9BA5301}.Debug|Any CPU.ActiveCfg = Debug|Any CPU
		{EE4E3C15-4679-485D-88CA-AA27E9BA5301}.Debug|Any CPU.Build.0 = Debug|Any CPU
		{EE4E3C15-4679-485D-88CA-AA27E9BA5301}.Release|Any CPU.ActiveCfg = Release|Any CPU
		{EE4E3C15-4679-485D-88CA-AA27E9BA5301}.Release|Any CPU.Build.0 = Release|Any CPU
	EndGlobalSection
	GlobalSection(NestedProjects) = preSolution
		{9F4275CD-9207-4EA5-9632-6F0577D2C163} = {81D5767A-AC46-4239-ABD0-4EB01A50F7EB}
		{EE4E3C15-4679-485D-88CA-AA27E9BA5301} = {607A2FC0-0650-41A3-8ACC-DAB917BA66C1}
	EndGlobalSection
EndGlobal
